
Microsoft Visual Studio Solution File, Format Version 12.00
# Visual Studio Version 16
VisualStudioVersion = 16.0.31229.75
MinimumVisualStudioVersion = 10.0.40219.1
Project("{9092AA53-FB77-4645-B42D-1CCCA6BD08BD}") = "NodejsConsoleApp2", "NodejsConsoleApp2\NodejsConsoleApp2.njsproj", "{8F381887-03BB-439A-BF58-D9FD4886315D}"
EndProject
Global
	GlobalSection(SolutionConfigurationPlatforms) = preSolution
		Debug|Any CPU = Debug|Any CPU
		Release|Any CPU = Release|Any CPU
	EndGlobalSection
	GlobalSection(ProjectConfigurationPlatforms) = postSolution
		{8F381887-03BB-439A-BF58-D9FD4886315D}.Debug|Any CPU.ActiveCfg = Debug|Any CPU
		{8F381887-03BB-439A-BF58-D9FD4886315D}.Debug|Any CPU.Build.0 = Debug|Any CPU
		{8F381887-03BB-439A-BF58-D9FD4886315D}.Release|Any CPU.ActiveCfg = Release|Any CPU
		{8F381887-03BB-439A-BF58-D9FD4886315D}.Release|Any CPU.Build.0 = Release|Any CPU
	EndGlobalSection
	GlobalSection(SolutionProperties) = preSolution
		HideSolutionNode = FALSE
	EndGlobalSection
	GlobalSection(ExtensibilityGlobals) = postSolution
		SolutionGuid = {15850536-C7ED-4BE4-A156-2F78D85294D4}
	EndGlobalSection
EndGlobal
